
Microsoft Visual Studio Solution File, Format Version 12.00
# Visual Studio Version 17
VisualStudioVersion = 17.10.34902.84
MinimumVisualStudioVersion = 10.0.40219.1
Project("{FAE04EC0-301F-11D3-BF4B-00C04F79EFBC}") = "Indexer", "Indexer\Indexer.csproj", "{CA9026BA-0408-4502-B73C-99046192CD33}"
EndProject
Global
	GlobalSection(SolutionConfigurationPlatforms) = preSolution
		Debug|Any CPU = Debug|Any CPU
		Release|Any CPU = Release|Any CPU
	EndGlobalSection
	GlobalSection(ProjectConfigurationPlatforms) = postSolution
		{CA9026BA-0408-4502-B73C-99046192CD33}.Debug|Any CPU.ActiveCfg = Debug|Any CPU
		{CA9026BA-0408-4502-B73C-99046192CD33}.Debug|Any CPU.Build.0 = Debug|Any CPU
		{CA9026BA-0408-4502-B73C-99046192CD33}.Release|Any CPU.ActiveCfg = Release|Any CPU
		{CA9026BA-0408-4502-B73C-99046192CD33}.Release|Any CPU.Build.0 = Release|Any CPU
	EndGlobalSection
	GlobalSection(SolutionProperties) = preSolution
		HideSolutionNode = FALSE
	EndGlobalSection
	GlobalSection(ExtensibilityGlobals) = postSolution
		SolutionGuid = {90FD86EB-9513-4C6B-B10F-103B200B6FC9}
	EndGlobalSection
EndGlobal
